
Microsoft Visual Studio Solution File, Format Version 12.00
Project("{FAE04EC0-301F-11D3-BF4B-00C04F79EFBC}") = "Strem.OBS.v4", "Strem.OBS.v4\Strem.OBS.v4.csproj", "{6093FE82-7907-4087-B1D7-BBBEFC2AC7AE}"
EndProject
Project("{FAE04EC0-301F-11D3-BF4B-00C04F79EFBC}") = "Strem.Build", "Strem.Build\Strem.Build.csproj", "{0C251599-E9B3-43FD-9698-A013FAB7A4C1}"
EndProject
Project("{2150E333-8FDC-42A3-9474-1A3956D46DE8}") = "Build", "Build", "{F5B33E50-F858-4F0F-A04E-92114B749515}"
EndProject
Project("{2150E333-8FDC-42A3-9474-1A3956D46DE8}") = "Tests", "Tests", "{B8E20A55-6867-4719-B7B3-93FDEC243B91}"
EndProject
Project("{FAE04EC0-301F-11D3-BF4B-00C04F79EFBC}") = "Strem.Plugins.Obs.v4.UnitTests", "Strem.Plugins.Obs.v4.UnitTests\Strem.Plugins.Obs.v4.UnitTests.csproj", "{6CB1D3DC-9C8F-4C6F-912C-31F55B26BBA5}"
EndProject
Global
	GlobalSection(SolutionConfigurationPlatforms) = preSolution
		Debug|Any CPU = Debug|Any CPU
		Release|Any CPU = Release|Any CPU
	EndGlobalSection
	GlobalSection(ProjectConfigurationPlatforms) = postSolution
		{6093FE82-7907-4087-B1D7-BBBEFC2AC7AE}.Debug|Any CPU.ActiveCfg = Debug|Any CPU
		{6093FE82-7907-4087-B1D7-BBBEFC2AC7AE}.Debug|Any CPU.Build.0 = Debug|Any CPU
		{6093FE82-7907-4087-B1D7-BBBEFC2AC7AE}.Release|Any CPU.ActiveCfg = Release|Any CPU
		{6093FE82-7907-4087-B1D7-BBBEFC2AC7AE}.Release|Any CPU.Build.0 = Release|Any CPU
		{0C251599-E9B3-43FD-9698-A013FAB7A4C1}.Debug|Any CPU.ActiveCfg = Debug|Any CPU
		{0C251599-E9B3-43FD-9698-A013FAB7A4C1}.Debug|Any CPU.Build.0 = Debug|Any CPU
		{0C251599-E9B3-43FD-9698-A013FAB7A4C1}.Release|Any CPU.ActiveCfg = Release|Any CPU
		{0C251599-E9B3-43FD-9698-A013FAB7A4C1}.Release|Any CPU.Build.0 = Release|Any CPU
		{6CB1D3DC-9C8F-4C6F-912C-31F55B26BBA5}.Debug|Any CPU.ActiveCfg = Debug|Any CPU
		{6CB1D3DC-9C8F-4C6F-912C-31F55B26BBA5}.Debug|Any CPU.Build.0 = Debug|Any CPU
		{6CB1D3DC-9C8F-4C6F-912C-31F55B26BBA5}.Release|Any CPU.ActiveCfg = Release|Any CPU
		{6CB1D3DC-9C8F-4C6F-912C-31F55B26BBA5}.Release|Any CPU.Build.0 = Release|Any CPU
	EndGlobalSection
	GlobalSection(NestedProjects) = preSolution
		{0C251599-E9B3-43FD-9698-A013FAB7A4C1} = {F5B33E50-F858-4F0F-A04E-92114B749515}
		{6CB1D3DC-9C8F-4C6F-912C-31F55B26BBA5} = {B8E20A55-6867-4719-B7B3-93FDEC243B91}
	EndGlobalSection
EndGlobal
